<?xml version="1.0" encoding="utf-8"?>
<Project ToolsVersion="4.0" xmlns="http://schemas.microsoft.com/developer/msbuild/2003">
  <ItemGroup>
    <Filter Include="src">
      <UniqueIdentifier>{426f22bb-5e34-4e74-8b52-74b941ef6852}</UniqueIdentifier>
    </Filter>
  </ItemGroup>
  <ItemGroup>
    <ClCompile Include="..\src\Algorithm.cpp">
      <Filter>src</Filter>
    </ClCompile>
    <ClCompile Include="..\src\FStreamReader.cpp">
      <Filter>src</Filter>
    </ClCompile>
    <ClCompile Include="..\src\FStreamWriter.cpp">
      <Filter>src</Filter>
    </ClCompile>
    <ClCompile Include="..\src\Math.cpp">
      <Filter>src</Filter>
    </ClCompile>
    <ClCompile Include="..\src\Time.cpp">
      <Filter>src</Filter>
    </ClCompile>
    <ClCompile Include="pch.cpp" />
  </ItemGroup>
  <ItemGroup>
    <ClInclude Include="..\src\Algorithm.h">
      <Filter>src</Filter>
    </ClInclude>
    <ClInclude Include="..\src\Examples.h">
      <Filter>src</Filter>
    </ClInclude>
    <ClInclude Include="..\src\FStreamReader.h">
      <Filter>src</Filter>
    </ClInclude>
    <ClInclude Include="..\src\FStreamWriter.h">
      <Filter>src</Filter>
    </ClInclude>
    <ClInclude Include="..\src\Math.h">
      <Filter>src</Filter>
    </ClInclude>
    <ClInclude Include="..\src\Time.h">
      <Filter>src</Filter>
    </ClInclude>
    <ClInclude Include="pch.h" />
  </ItemGroup>
</Project>