
Microsoft Visual Studio Solution File, Format Version 12.00
# Visual Studio Version 16
VisualStudioVersion = 16.0.29519.87
MinimumVisualStudioVersion = 10.0.40219.1
Project("{8BC9CEB8-8B4A-11D0-8D11-00A0C91BC942}") = "Day01", "..\Day01\win\Day01.vcxproj", "{14D7BA8B-66AE-48A7-8A4A-ABB8F952398A}"
EndProject
Project("{8BC9CEB8-8B4A-11D0-8D11-00A0C91BC942}") = "AOCLib", "..\AOCLib\win\AOCLib.vcxproj", "{C1B79C31-D547-4397-8FF0-13502A8ED612}"
EndProject
Project("{8BC9CEB8-8B4A-11D0-8D11-00A0C91BC942}") = "Day02", "..\Day02\win\Day02.vcxproj", "{83330942-0988-43D0-B677-9175E48F86F9}"
EndProject
Project("{2150E333-8FDC-42A3-9474-1A3956D46DE8}") = "_History", "_History", "{1C2E83C2-9D0D-45D0-8B79-C572AF725F05}"
EndProject
Project("{8BC9CEB8-8B4A-11D0-8D11-00A0C91BC942}") = "Day03", "..\Day03\win\Day03.vcxproj", "{EA3E11D6-C5F8-406E-8FB3-E102D5ACFBE7}"
EndProject
Project("{8BC9CEB8-8B4A-11D0-8D11-00A0C91BC942}") = "Day04", "..\Day04\win\Day04.vcxproj", "{14CEC483-5136-471C-8591-E7D007868B21}"
EndProject
Project("{8BC9CEB8-8B4A-11D0-8D11-00A0C91BC942}") = "Day05", "..\Day05\win\Day05.vcxproj", "{FA181FBD-640E-4564-B68D-BB6FFC236323}"
EndProject
Project("{8BC9CEB8-8B4A-11D0-8D11-00A0C91BC942}") = "Day06", "..\Day06\win\Day06.vcxproj", "{68C05061-47FC-4C4F-9223-2C8C2EEAFC57}"
EndProject
Project("{8BC9CEB8-8B4A-11D0-8D11-00A0C91BC942}") = "Day07", "..\Day07\win\Day07.vcxproj", "{9EB174F2-D32E-4AAD-9FBC-96BD9305ED41}"
EndProject
Project("{8BC9CEB8-8B4A-11D0-8D11-00A0C91BC942}") = "Day08", "..\Day08\win\Day08.vcxproj", "{630167FC-8712-4326-ACD1-D678994FE560}"
EndProject
Project("{8BC9CEB8-8B4A-11D0-8D11-00A0C91BC942}") = "Day09", "..\Day09\win\Day09.vcxproj", "{7B254982-1A5C-494C-BB8C-E0024B647BD6}"
EndProject
Project("{8BC9CEB8-8B4A-11D0-8D11-00A0C91BC942}") = "Day11", "..\Day11\win\Day11.vcxproj", "{48B9FFFD-AF88-4552-89FB-199A33792B73}"
EndProject
Project("{8BC9CEB8-8B4A-11D0-8D11-00A0C91BC942}") = "Day10", "..\Day10\win\Day10.vcxproj", "{F69F7CF6-EA58-4BA5-94AA-FE00D319DF93}"
EndProject
Project("{8BC9CEB8-8B4A-11D0-8D11-00A0C91BC942}") = "Day12", "..\Day12\win\Day12.vcxproj", "{E8FAC453-3237-4EFD-8C7F-B990541C03C4}"
EndProject
Project("{8BC9CEB8-8B4A-11D0-8D11-00A0C91BC942}") = "Day13", "..\Day13\win\Day13.vcxproj", "{99104DA8-1205-430B-854F-B9B6D5F75140}"
EndProject
Project("{8BC9CEB8-8B4A-11D0-8D11-00A0C91BC942}") = "Day14", "..\Day14\win\Day14.vcxproj", "{82A21306-B149-45F7-9CD2-F9C1937FF607}"
EndProject
Project("{8BC9CEB8-8B4A-11D0-8D11-00A0C91BC942}") = "Day15", "..\Day15\win\Day15.vcxproj", "{2BCFF2E8-652B-4E60-91E8-4DA63090CE6F}"
EndProject
Project("{8BC9CEB8-8B4A-11D0-8D11-00A0C91BC942}") = "Day16", "..\Day16\win\Day16.vcxproj", "{FF647A74-FB54-4D32-B915-69B0617BCCEF}"
EndProject
Project("{8BC9CEB8-8B4A-11D0-8D11-00A0C91BC942}") = "Day17", "..\Day17\win\Day17.vcxproj", "{C64777CE-CEBF-4060-9CA8-532415B634F0}"
EndProject
Project("{8BC9CEB8-8B4A-11D0-8D11-00A0C91BC942}") = "Day18", "..\Day18\win\Day18.vcxproj", "{5E240943-F8FF-420D-9CD4-88B53EC792BB}"
EndProject
Project("{8BC9CEB8-8B4A-11D0-8D11-00A0C91BC942}") = "Day19", "..\Day19\win\Day19.vcxproj", "{89A5A168-2C30-4F99-A162-A718AE6F890F}"
EndProject
Project("{8BC9CEB8-8B4A-11D0-8D11-00A0C91BC942}") = "Day20", "..\Day20\win\Day20.vcxproj", "{6798E24A-A3AF-43B9-8F46-52A2B479D681}"
EndProject
Project("{8BC9CEB8-8B4A-11D0-8D11-00A0C91BC942}") = "Day21", "..\Day21\win\Day21.vcxproj", "{110B9A74-4CE1-4AD5-84B8-B36D13391E07}"
EndProject
Project("{8BC9CEB8-8B4A-11D0-8D11-00A0C91BC942}") = "Day22", "..\Day22\win\Day22.vcxproj", "{6E3B2576-0B4C-4121-A3E5-4F9FCC947E9B}"
EndProject
Project("{8BC9CEB8-8B4A-11D0-8D11-00A0C91BC942}") = "Day23", "..\Day23\win\Day23.vcxproj", "{0E27F73D-218B-458B-B9FB-F78EDDF4A34A}"
EndProject
Project("{8BC9CEB8-8B4A-11D0-8D11-00A0C91BC942}") = "Day24", "..\Day24\win\Day24.vcxproj", "{83C0FE87-0EFA-430B-A5F9-84B1544CD952}"
EndProject
Project("{8BC9CEB8-8B4A-11D0-8D11-00A0C91BC942}") = "Day25", "..\Day25\win\Day25.vcxproj", "{69A12C36-1112-468B-8CA4-83181AF9C04F}"
EndProject
Global
	GlobalSection(SolutionConfigurationPlatforms) = preSolution
		Debug|x64 = Debug|x64
		Debug|x86 = Debug|x86
		Release|x64 = Release|x64
		Release|x86 = Release|x86
	EndGlobalSection
	GlobalSection(ProjectConfigurationPlatforms) = postSolution
		{14D7BA8B-66AE-48A7-8A4A-ABB8F952398A}.Debug|x64.ActiveCfg = Debug|x64
		{14D7BA8B-66AE-48A7-8A4A-ABB8F952398A}.Debug|x64.Build.0 = Debug|x64
		{14D7BA8B-66AE-48A7-8A4A-ABB8F952398A}.Debug|x86.ActiveCfg = Debug|Win32
		{14D7BA8B-66AE-48A7-8A4A-ABB8F952398A}.Debug|x86.Build.0 = Debug|Win32
		{14D7BA8B-66AE-48A7-8A4A-ABB8F952398A}.Release|x64.ActiveCfg = Release|x64
		{14D7BA8B-66AE-48A7-8A4A-ABB8F952398A}.Release|x64.Build.0 = Release|x64
		{14D7BA8B-66AE-48A7-8A4A-ABB8F952398A}.Release|x86.ActiveCfg = Release|Win32
		{14D7BA8B-66AE-48A7-8A4A-ABB8F952398A}.Release|x86.Build.0 = Release|Win32
		{C1B79C31-D547-4397-8FF0-13502A8ED612}.Debug|x64.ActiveCfg = Debug|x64
		{C1B79C31-D547-4397-8FF0-13502A8ED612}.Debug|x64.Build.0 = Debug|x64
		{C1B79C31-D547-4397-8FF0-13502A8ED612}.Debug|x86.ActiveCfg = Debug|Win32
		{C1B79C31-D547-4397-8FF0-13502A8ED612}.Debug|x86.Build.0 = Debug|Win32
		{C1B79C31-D547-4397-8FF0-13502A8ED612}.Release|x64.ActiveCfg = Release|x64
		{C1B79C31-D547-4397-8FF0-13502A8ED612}.Release|x64.Build.0 = Release|x64
		{C1B79C31-D547-4397-8FF0-13502A8ED612}.Release|x86.ActiveCfg = Release|Win32
		{C1B79C31-D547-4397-8FF0-13502A8ED612}.Release|x86.Build.0 = Release|Win32
		{83330942-0988-43D0-B677-9175E48F86F9}.Debug|x64.ActiveCfg = Debug|x64
		{83330942-0988-43D0-B677-9175E48F86F9}.Debug|x64.Build.0 = Debug|x64
		{83330942-0988-43D0-B677-9175E48F86F9}.Debug|x86.ActiveCfg = Debug|Win32
		{83330942-0988-43D0-B677-9175E48F86F9}.Debug|x86.Build.0 = Debug|Win32
		{83330942-0988-43D0-B677-9175E48F86F9}.Release|x64.ActiveCfg = Release|x64
		{83330942-0988-43D0-B677-9175E48F86F9}.Release|x64.Build.0 = Release|x64
		{83330942-0988-43D0-B677-9175E48F86F9}.Release|x86.ActiveCfg = Release|Win32
		{83330942-0988-43D0-B677-9175E48F86F9}.Release|x86.Build.0 = Release|Win32
		{EA3E11D6-C5F8-406E-8FB3-E102D5ACFBE7}.Debug|x64.ActiveCfg = Debug|x64
		{EA3E11D6-C5F8-406E-8FB3-E102D5ACFBE7}.Debug|x64.Build.0 = Debug|x64
		{EA3E11D6-C5F8-406E-8FB3-E102D5ACFBE7}.Debug|x86.ActiveCfg = Debug|Win32
		{EA3E11D6-C5F8-406E-8FB3-E102D5ACFBE7}.Debug|x86.Build.0 = Debug|Win32
		{EA3E11D6-C5F8-406E-8FB3-E102D5ACFBE7}.Release|x64.ActiveCfg = Release|x64
		{EA3E11D6-C5F8-406E-8FB3-E102D5ACFBE7}.Release|x64.Build.0 = Release|x64
		{EA3E11D6-C5F8-406E-8FB3-E102D5ACFBE7}.Release|x86.ActiveCfg = Release|Win32
		{EA3E11D6-C5F8-406E-8FB3-E102D5ACFBE7}.Release|x86.Build.0 = Release|Win32
		{14CEC483-5136-471C-8591-E7D007868B21}.Debug|x64.ActiveCfg = Debug|x64
		{14CEC483-5136-471C-8591-E7D007868B21}.Debug|x64.Build.0 = Debug|x64
		{14CEC483-5136-471C-8591-E7D007868B21}.Debug|x86.ActiveCfg = Debug|Win32
		{14CEC483-5136-471C-8591-E7D007868B21}.Debug|x86.Build.0 = Debug|Win32
		{14CEC483-5136-471C-8591-E7D007868B21}.Release|x64.ActiveCfg = Release|x64
		{14CEC483-5136-471C-8591-E7D007868B21}.Release|x64.Build.0 = Release|x64
		{14CEC483-5136-471C-8591-E7D007868B21}.Release|x86.ActiveCfg = Release|Win32
		{14CEC483-5136-471C-8591-E7D007868B21}.Release|x86.Build.0 = Release|Win32
		{FA181FBD-640E-4564-B68D-BB6FFC236323}.Debug|x64.ActiveCfg = Debug|x64
		{FA181FBD-640E-4564-B68D-BB6FFC236323}.Debug|x64.Build.0 = Debug|x64
		{FA181FBD-640E-4564-B68D-BB6FFC236323}.Debug|x86.ActiveCfg = Debug|Win32
		{FA181FBD-640E-4564-B68D-BB6FFC236323}.Debug|x86.Build.0 = Debug|Win32
		{FA181FBD-640E-4564-B68D-BB6FFC236323}.Release|x64.ActiveCfg = Release|x64
		{FA181FBD-640E-4564-B68D-BB6FFC236323}.Release|x64.Build.0 = Release|x64
		{FA181FBD-640E-4564-B68D-BB6FFC236323}.Release|x86.ActiveCfg = Release|Win32
		{FA181FBD-640E-4564-B68D-BB6FFC236323}.Release|x86.Build.0 = Release|Win32
		{68C05061-47FC-4C4F-9223-2C8C2EEAFC57}.Debug|x64.ActiveCfg = Debug|x64
		{68C05061-47FC-4C4F-9223-2C8C2EEAFC57}.Debug|x64.Build.0 = Debug|x64
		{68C05061-47FC-4C4F-9223-2C8C2EEAFC57}.Debug|x86.ActiveCfg = Debug|Win32
		{68C05061-47FC-4C4F-9223-2C8C2EEAFC57}.Debug|x86.Build.0 = Debug|Win32
		{68C05061-47FC-4C4F-9223-2C8C2EEAFC57}.Release|x64.ActiveCfg = Release|x64
		{68C05061-47FC-4C4F-9223-2C8C2EEAFC57}.Release|x64.Build.0 = Release|x64
		{68C05061-47FC-4C4F-9223-2C8C2EEAFC57}.Release|x86.ActiveCfg = Release|Win32
		{68C05061-47FC-4C4F-9223-2C8C2EEAFC57}.Release|x86.Build.0 = Release|Win32
		{9EB174F2-D32E-4AAD-9FBC-96BD9305ED41}.Debug|x64.ActiveCfg = Debug|x64
		{9EB174F2-D32E-4AAD-9FBC-96BD9305ED41}.Debug|x64.Build.0 = Debug|x64
		{9EB174F2-D32E-4AAD-9FBC-96BD9305ED41}.Debug|x86.ActiveCfg = Debug|Win32
		{9EB174F2-D32E-4AAD-9FBC-96BD9305ED41}.Debug|x86.Build.0 = Debug|Win32
		{9EB174F2-D32E-4AAD-9FBC-96BD9305ED41}.Release|x64.ActiveCfg = Release|x64
		{9EB174F2-D32E-4AAD-9FBC-96BD9305ED41}.Release|x64.Build.0 = Release|x64
		{9EB174F2-D32E-4AAD-9FBC-96BD9305ED41}.Release|x86.ActiveCfg = Release|Win32
		{9EB174F2-D32E-4AAD-9FBC-96BD9305ED41}.Release|x86.Build.0 = Release|Win32
		{630167FC-8712-4326-ACD1-D678994FE560}.Debug|x64.ActiveCfg = Debug|x64
		{630167FC-8712-4326-ACD1-D678994FE560}.Debug|x64.Build.0 = Debug|x64
		{630167FC-8712-4326-ACD1-D678994FE560}.Debug|x86.ActiveCfg = Debug|Win32
		{630167FC-8712-4326-ACD1-D678994FE560}.Debug|x86.Build.0 = Debug|Win32
		{630167FC-8712-4326-ACD1-D678994FE560}.Release|x64.ActiveCfg = Release|x64
		{630167FC-8712-4326-ACD1-D678994FE560}.Release|x64.Build.0 = Release|x64
		{630167FC-8712-4326-ACD1-D678994FE560}.Release|x86.ActiveCfg = Release|Win32
		{630167FC-8712-4326-ACD1-D678994FE560}.Release|x86.Build.0 = Release|Win32
		{7B254982-1A5C-494C-BB8C-E0024B647BD6}.Debug|x64.ActiveCfg = Debug|x64
		{7B254982-1A5C-494C-BB8C-E0024B647BD6}.Debug|x64.Build.0 = Debug|x64
		{7B254982-1A5C-494C-BB8C-E0024B647BD6}.Debug|x86.ActiveCfg = Debug|Win32
		{7B254982-1A5C-494C-BB8C-E0024B647BD6}.Debug|x86.Build.0 = Debug|Win32
		{7B254982-1A5C-494C-BB8C-E0024B647BD6}.Release|x64.ActiveCfg = Release|x64
		{7B254982-1A5C-494C-BB8C-E0024B647BD6}.Release|x64.Build.0 = Release|x64
		{7B254982-1A5C-494C-BB8C-E0024B647BD6}.Release|x86.ActiveCfg = Release|Win32
		{7B254982-1A5C-494C-BB8C-E0024B647BD6}.Release|x86.Build.0 = Release|Win32
		{48B9FFFD-AF88-4552-89FB-199A33792B73}.Debug|x64.ActiveCfg = Debug|x64
		{48B9FFFD-AF88-4552-89FB-199A33792B73}.Debug|x64.Build.0 = Debug|x64
		{48B9FFFD-AF88-4552-89FB-199A33792B73}.Debug|x86.ActiveCfg = Debug|Win32
		{48B9FFFD-AF88-4552-89FB-199A33792B73}.Debug|x86.Build.0 = Debug|Win32
		{48B9FFFD-AF88-4552-89FB-199A33792B73}.Release|x64.ActiveCfg = Release|x64
		{48B9FFFD-AF88-4552-89FB-199A33792B73}.Release|x64.Build.0 = Release|x64
		{48B9FFFD-AF88-4552-89FB-199A33792B73}.Release|x86.ActiveCfg = Release|Win32
		{48B9FFFD-AF88-4552-89FB-199A33792B73}.Release|x86.Build.0 = Release|Win32
		{F69F7CF6-EA58-4BA5-94AA-FE00D319DF93}.Debug|x64.ActiveCfg = Debug|x64
		{F69F7CF6-EA58-4BA5-94AA-FE00D319DF93}.Debug|x64.Build.0 = Debug|x64
		{F69F7CF6-EA58-4BA5-94AA-FE00D319DF93}.Debug|x86.ActiveCfg = Debug|Win32
		{F69F7CF6-EA58-4BA5-94AA-FE00D319DF93}.Debug|x86.Build.0 = Debug|Win32
		{F69F7CF6-EA58-4BA5-94AA-FE00D319DF93}.Release|x64.ActiveCfg = Release|x64
		{F69F7CF6-EA58-4BA5-94AA-FE00D319DF93}.Release|x64.Build.0 = Release|x64
		{F69F7CF6-EA58-4BA5-94AA-FE00D319DF93}.Release|x86.ActiveCfg = Release|Win32
		{F69F7CF6-EA58-4BA5-94AA-FE00D319DF93}.Release|x86.Build.0 = Release|Win32
		{E8FAC453-3237-4EFD-8C7F-B990541C03C4}.Debug|x64.ActiveCfg = Debug|x64
		{E8FAC453-3237-4EFD-8C7F-B990541C03C4}.Debug|x64.Build.0 = Debug|x64
		{E8FAC453-3237-4EFD-8C7F-B990541C03C4}.Debug|x86.ActiveCfg = Debug|Win32
		{E8FAC453-3237-4EFD-8C7F-B990541C03C4}.Debug|x86.Build.0 = Debug|Win32
		{E8FAC453-3237-4EFD-8C7F-B990541C03C4}.Release|x64.ActiveCfg = Release|x64
		{E8FAC453-3237-4EFD-8C7F-B990541C03C4}.Release|x64.Build.0 = Release|x64
		{E8FAC453-3237-4EFD-8C7F-B990541C03C4}.Release|x86.ActiveCfg = Release|Win32
		{E8FAC453-3237-4EFD-8C7F-B990541C03C4}.Release|x86.Build.0 = Release|Win32
		{99104DA8-1205-430B-854F-B9B6D5F75140}.Debug|x64.ActiveCfg = Debug|x64
		{99104DA8-1205-430B-854F-B9B6D5F75140}.Debug|x64.Build.0 = Debug|x64
		{99104DA8-1205-430B-854F-B9B6D5F75140}.Debug|x86.ActiveCfg = Debug|Win32
		{99104DA8-1205-430B-854F-B9B6D5F75140}.Debug|x86.Build.0 = Debug|Win32
		{99104DA8-1205-430B-854F-B9B6D5F75140}.Release|x64.ActiveCfg = Release|x64
		{99104DA8-1205-430B-854F-B9B6D5F75140}.Release|x64.Build.0 = Release|x64
		{99104DA8-1205-430B-854F-B9B6D5F75140}.Release|x86.ActiveCfg = Release|Win32
		{99104DA8-1205-430B-854F-B9B6D5F75140}.Release|x86.Build.0 = Release|Win32
		{82A21306-B149-45F7-9CD2-F9C1937FF607}.Debug|x64.ActiveCfg = Debug|x64
		{82A21306-B149-45F7-9CD2-F9C1937FF607}.Debug|x64.Build.0 = Debug|x64
		{82A21306-B149-45F7-9CD2-F9C1937FF607}.Debug|x86.ActiveCfg = Debug|Win32
		{82A21306-B149-45F7-9CD2-F9C1937FF607}.Debug|x86.Build.0 = Debug|Win32
		{82A21306-B149-45F7-9CD2-F9C1937FF607}.Release|x64.ActiveCfg = Release|x64
		{82A21306-B149-45F7-9CD2-F9C1937FF607}.Release|x64.Build.0 = Release|x64
		{82A21306-B149-45F7-9CD2-F9C1937FF607}.Release|x86.ActiveCfg = Release|Win32
		{82A21306-B149-45F7-9CD2-F9C1937FF607}.Release|x86.Build.0 = Release|Win32
		{2BCFF2E8-652B-4E60-91E8-4DA63090CE6F}.Debug|x64.ActiveCfg = Debug|x64
		{2BCFF2E8-652B-4E60-91E8-4DA63090CE6F}.Debug|x64.Build.0 = Debug|x64
		{2BCFF2E8-652B-4E60-91E8-4DA63090CE6F}.Debug|x86.ActiveCfg = Debug|Win32
		{2BCFF2E8-652B-4E60-91E8-4DA63090CE6F}.Debug|x86.Build.0 = Debug|Win32
		{2BCFF2E8-652B-4E60-91E8-4DA63090CE6F}.Release|x64.ActiveCfg = Release|x64
		{2BCFF2E8-652B-4E60-91E8-4DA63090CE6F}.Release|x64.Build.0 = Release|x64
		{2BCFF2E8-652B-4E60-91E8-4DA63090CE6F}.Release|x86.ActiveCfg = Release|Win32
		{2BCFF2E8-652B-4E60-91E8-4DA63090CE6F}.Release|x86.Build.0 = Release|Win32
		{FF647A74-FB54-4D32-B915-69B0617BCCEF}.Debug|x64.ActiveCfg = Debug|x64
		{FF647A74-FB54-4D32-B915-69B0617BCCEF}.Debug|x64.Build.0 = Debug|x64
		{FF647A74-FB54-4D32-B915-69B0617BCCEF}.Debug|x86.ActiveCfg = Debug|Win32
		{FF647A74-FB54-4D32-B915-69B0617BCCEF}.Debug|x86.Build.0 = Debug|Win32
		{FF647A74-FB54-4D32-B915-69B0617BCCEF}.Release|x64.ActiveCfg = Release|x64
		{FF647A74-FB54-4D32-B915-69B0617BCCEF}.Release|x64.Build.0 = Release|x64
		{FF647A74-FB54-4D32-B915-69B0617BCCEF}.Release|x86.ActiveCfg = Release|Win32
		{FF647A74-FB54-4D32-B915-69B0617BCCEF}.Release|x86.Build.0 = Release|Win32
		{C64777CE-CEBF-4060-9CA8-532415B634F0}.Debug|x64.ActiveCfg = Debug|x64
		{C64777CE-CEBF-4060-9CA8-532415B634F0}.Debug|x64.Build.0 = Debug|x64
		{C64777CE-CEBF-4060-9CA8-532415B634F0}.Debug|x86.ActiveCfg = Debug|Win32
		{C64777CE-CEBF-4060-9CA8-532415B634F0}.Debug|x86.Build.0 = Debug|Win32
		{C64777CE-CEBF-4060-9CA8-532415B634F0}.Release|x64.ActiveCfg = Release|x64
		{C64777CE-CEBF-4060-9CA8-532415B634F0}.Release|x64.Build.0 = Release|x64
		{C64777CE-CEBF-4060-9CA8-532415B634F0}.Release|x86.ActiveCfg = Release|Win32
		{C64777CE-CEBF-4060-9CA8-532415B634F0}.Release|x86.Build.0 = Release|Win32
		{5E240943-F8FF-420D-9CD4-88B53EC792BB}.Debug|x64.ActiveCfg = Debug|x64
		{5E240943-F8FF-420D-9CD4-88B53EC792BB}.Debug|x64.Build.0 = Debug|x64
		{5E240943-F8FF-420D-9CD4-88B53EC792BB}.Debug|x86.ActiveCfg = Debug|Win32
		{5E240943-F8FF-420D-9CD4-88B53EC792BB}.Debug|x86.Build.0 = Debug|Win32
		{5E240943-F8FF-420D-9CD4-88B53EC792BB}.Release|x64.ActiveCfg = Release|x64
		{5E240943-F8FF-420D-9CD4-88B53EC792BB}.Release|x64.Build.0 = Release|x64
		{5E240943-F8FF-420D-9CD4-88B53EC792BB}.Release|x86.ActiveCfg = Release|Win32
		{5E240943-F8FF-420D-9CD4-88B53EC792BB}.Release|x86.Build.0 = Release|Win32
		{89A5A168-2C30-4F99-A162-A718AE6F890F}.Debug|x64.ActiveCfg = Debug|x64
		{89A5A168-2C30-4F99-A162-A718AE6F890F}.Debug|x64.Build.0 = Debug|x64
		{89A5A168-2C30-4F99-A162-A718AE6F890F}.Debug|x86.ActiveCfg = Debug|Win32
		{89A5A168-2C30-4F99-A162-A718AE6F890F}.Debug|x86.Build.0 = Debug|Win32
		{89A5A168-2C30-4F99-A162-A718AE6F890F}.Release|x64.ActiveCfg = Release|x64
		{89A5A168-2C30-4F99-A162-A718AE6F890F}.Release|x64.Build.0 = Release|x64
		{89A5A168-2C30-4F99-A162-A718AE6F890F}.Release|x86.ActiveCfg = Release|Win32
		{89A5A168-2C30-4F99-A162-A718AE6F890F}.Release|x86.Build.0 = Release|Win32
		{6798E24A-A3AF-43B9-8F46-52A2B479D681}.Debug|x64.ActiveCfg = Debug|x64
		{6798E24A-A3AF-43B9-8F46-52A2B479D681}.Debug|x64.Build.0 = Debug|x64
		{6798E24A-A3AF-43B9-8F46-52A2B479D681}.Debug|x86.ActiveCfg = Debug|Win32
		{6798E24A-A3AF-43B9-8F46-52A2B479D681}.Debug|x86.Build.0 = Debug|Win32
		{6798E24A-A3AF-43B9-8F46-52A2B479D681}.Release|x64.ActiveCfg = Release|x64
		{6798E24A-A3AF-43B9-8F46-52A2B479D681}.Release|x64.Build.0 = Release|x64
		{6798E24A-A3AF-43B9-8F46-52A2B479D681}.Release|x86.ActiveCfg = Release|Win32
		{6798E24A-A3AF-43B9-8F46-52A2B479D681}.Release|x86.Build.0 = Release|Win32
		{110B9A74-4CE1-4AD5-84B8-B36D13391E07}.Debug|x64.ActiveCfg = Debug|x64
		{110B9A74-4CE1-4AD5-84B8-B36D13391E07}.Debug|x64.Build.0 = Debug|x64
		{110B9A74-4CE1-4AD5-84B8-B36D13391E07}.Debug|x86.ActiveCfg = Debug|Win32
		{110B9A74-4CE1-4AD5-84B8-B36D13391E07}.Debug|x86.Build.0 = Debug|Win32
		{110B9A74-4CE1-4AD5-84B8-B36D13391E07}.Release|x64.ActiveCfg = Release|x64
		{110B9A74-4CE1-4AD5-84B8-B36D13391E07}.Release|x64.Build.0 = Release|x64
		{110B9A74-4CE1-4AD5-84B8-B36D13391E07}.Release|x86.ActiveCfg = Release|Win32
		{110B9A74-4CE1-4AD5-84B8-B36D13391E07}.Release|x86.Build.0 = Release|Win32
		{6E3B2576-0B4C-4121-A3E5-4F9FCC947E9B}.Debug|x64.ActiveCfg = Debug|x64
		{6E3B2576-0B4C-4121-A3E5-4F9FCC947E9B}.Debug|x64.Build.0 = Debug|x64
		{6E3B2576-0B4C-4121-A3E5-4F9FCC947E9B}.Debug|x86.ActiveCfg = Debug|Win32
		{6E3B2576-0B4C-4121-A3E5-4F9FCC947E9B}.Debug|x86.Build.0 = Debug|Win32
		{6E3B2576-0B4C-4121-A3E5-4F9FCC947E9B}.Release|x64.ActiveCfg = Release|x64
		{6E3B2576-0B4C-4121-A3E5-4F9FCC947E9B}.Release|x64.Build.0 = Release|x64
		{6E3B2576-0B4C-4121-A3E5-4F9FCC947E9B}.Release|x86.ActiveCfg = Release|Win32
		{6E3B2576-0B4C-4121-A3E5-4F9FCC947E9B}.Release|x86.Build.0 = Release|Win32
		{0E27F73D-218B-458B-B9FB-F78EDDF4A34A}.Debug|x64.ActiveCfg = Debug|x64
		{0E27F73D-218B-458B-B9FB-F78EDDF4A34A}.Debug|x64.Build.0 = Debug|x64
		{0E27F73D-218B-458B-B9FB-F78EDDF4A34A}.Debug|x86.ActiveCfg = Debug|Win32
		{0E27F73D-218B-458B-B9FB-F78EDDF4A34A}.Debug|x86.Build.0 = Debug|Win32
		{0E27F73D-218B-458B-B9FB-F78EDDF4A34A}.Release|x64.ActiveCfg = Release|x64
		{0E27F73D-218B-458B-B9FB-F78EDDF4A34A}.Release|x64.Build.0 = Release|x64
		{0E27F73D-218B-458B-B9FB-F78EDDF4A34A}.Release|x86.ActiveCfg = Release|Win32
		{0E27F73D-218B-458B-B9FB-F78EDDF4A34A}.Release|x86.Build.0 = Release|Win32
		{83C0FE87-0EFA-430B-A5F9-84B1544CD952}.Debug|x64.ActiveCfg = Debug|x64
		{83C0FE87-0EFA-430B-A5F9-84B1544CD952}.Debug|x64.Build.0 = Debug|x64
		{83C0FE87-0EFA-430B-A5F9-84B1544CD952}.Debug|x86.ActiveCfg = Debug|Win32
		{83C0FE87-0EFA-430B-A5F9-84B1544CD952}.Debug|x86.Build.0 = Debug|Win32
		{83C0FE87-0EFA-430B-A5F9-84B1544CD952}.Release|x64.ActiveCfg = Release|x64
		{83C0FE87-0EFA-430B-A5F9-84B1544CD952}.Release|x64.Build.0 = Release|x64
		{83C0FE87-0EFA-430B-A5F9-84B1544CD952}.Release|x86.ActiveCfg = Release|Win32
		{83C0FE87-0EFA-430B-A5F9-84B1544CD952}.Release|x86.Build.0 = Release|Win32
		{69A12C36-1112-468B-8CA4-83181AF9C04F}.Debug|x64.ActiveCfg = Debug|x64
		{69A12C36-1112-468B-8CA4-83181AF9C04F}.Debug|x64.Build.0 = Debug|x64
		{69A12C36-1112-468B-8CA4-83181AF9C04F}.Debug|x86.ActiveCfg = Debug|Win32
		{69A12C36-1112-468B-8CA4-83181AF9C04F}.Debug|x86.Build.0 = Debug|Win32
		{69A12C36-1112-468B-8CA4-83181AF9C04F}.Release|x64.ActiveCfg = Release|x64
		{69A12C36-1112-468B-8CA4-83181AF9C04F}.Release|x64.Build.0 = Release|x64
		{69A12C36-1112-468B-8CA4-83181AF9C04F}.Release|x86.ActiveCfg = Release|Win32
		{69A12C36-1112-468B-8CA4-83181AF9C04F}.Release|x86.Build.0 = Release|Win32
	EndGlobalSection
	GlobalSection(SolutionProperties) = preSolution
		HideSolutionNode = FALSE
	EndGlobalSection
	GlobalSection(NestedProjects) = preSolution
		{14D7BA8B-66AE-48A7-8A4A-ABB8F952398A} = {1C2E83C2-9D0D-45D0-8B79-C572AF725F05}
		{83330942-0988-43D0-B677-9175E48F86F9} = {1C2E83C2-9D0D-45D0-8B79-C572AF725F05}
		{EA3E11D6-C5F8-406E-8FB3-E102D5ACFBE7} = {1C2E83C2-9D0D-45D0-8B79-C572AF725F05}
		{14CEC483-5136-471C-8591-E7D007868B21} = {1C2E83C2-9D0D-45D0-8B79-C572AF725F05}
		{FA181FBD-640E-4564-B68D-BB6FFC236323} = {1C2E83C2-9D0D-45D0-8B79-C572AF725F05}
		{68C05061-47FC-4C4F-9223-2C8C2EEAFC57} = {1C2E83C2-9D0D-45D0-8B79-C572AF725F05}
		{9EB174F2-D32E-4AAD-9FBC-96BD9305ED41} = {1C2E83C2-9D0D-45D0-8B79-C572AF725F05}
		{630167FC-8712-4326-ACD1-D678994FE560} = {1C2E83C2-9D0D-45D0-8B79-C572AF725F05}
		{7B254982-1A5C-494C-BB8C-E0024B647BD6} = {1C2E83C2-9D0D-45D0-8B79-C572AF725F05}
		{48B9FFFD-AF88-4552-89FB-199A33792B73} = {1C2E83C2-9D0D-45D0-8B79-C572AF725F05}
		{F69F7CF6-EA58-4BA5-94AA-FE00D319DF93} = {1C2E83C2-9D0D-45D0-8B79-C572AF725F05}
		{E8FAC453-3237-4EFD-8C7F-B990541C03C4} = {1C2E83C2-9D0D-45D0-8B79-C572AF725F05}
		{99104DA8-1205-430B-854F-B9B6D5F75140} = {1C2E83C2-9D0D-45D0-8B79-C572AF725F05}
		{82A21306-B149-45F7-9CD2-F9C1937FF607} = {1C2E83C2-9D0D-45D0-8B79-C572AF725F05}
		{2BCFF2E8-652B-4E60-91E8-4DA63090CE6F} = {1C2E83C2-9D0D-45D0-8B79-C572AF725F05}
		{FF647A74-FB54-4D32-B915-69B0617BCCEF} = {1C2E83C2-9D0D-45D0-8B79-C572AF725F05}
		{C64777CE-CEBF-4060-9CA8-532415B634F0} = {1C2E83C2-9D0D-45D0-8B79-C572AF725F05}
		{5E240943-F8FF-420D-9CD4-88B53EC792BB} = {1C2E83C2-9D0D-45D0-8B79-C572AF725F05}
		{89A5A168-2C30-4F99-A162-A718AE6F890F} = {1C2E83C2-9D0D-45D0-8B79-C572AF725F05}
		{6798E24A-A3AF-43B9-8F46-52A2B479D681} = {1C2E83C2-9D0D-45D0-8B79-C572AF725F05}
		{110B9A74-4CE1-4AD5-84B8-B36D13391E07} = {1C2E83C2-9D0D-45D0-8B79-C572AF725F05}
		{6E3B2576-0B4C-4121-A3E5-4F9FCC947E9B} = {1C2E83C2-9D0D-45D0-8B79-C572AF725F05}
		{0E27F73D-218B-458B-B9FB-F78EDDF4A34A} = {1C2E83C2-9D0D-45D0-8B79-C572AF725F05}
		{83C0FE87-0EFA-430B-A5F9-84B1544CD952} = {1C2E83C2-9D0D-45D0-8B79-C572AF725F05}
	EndGlobalSection
	GlobalSection(ExtensibilityGlobals) = postSolution
		SolutionGuid = {ADB9513D-63A5-48C4-8B51-4885B03BC37F}
	EndGlobalSection
EndGlobal
