
Microsoft Visual Studio Solution File, Format Version 12.00
# Visual Studio Version 16
VisualStudioVersion = 16.0.29519.87
MinimumVisualStudioVersion = 10.0.40219.1
Project("{8BC9CEB8-8B4A-11D0-8D11-00A0C91BC942}") = "Day01", "..\Day01\win\Day01.vcxproj", "{14D7BA8B-66AE-48A7-8A4A-ABB8F952398A}"
EndProject
Project("{8BC9CEB8-8B4A-11D0-8D11-00A0C91BC942}") = "AOCLib", "..\AOCLib\win\AOCLib.vcxproj", "{C1B79C31-D547-4397-8FF0-13502A8ED612}"
EndProject
Project("{2150E333-8FDC-42A3-9474-1A3956D46DE8}") = "_History", "_History", "{1C2E83C2-9D0D-45D0-8B79-C572AF725F05}"
EndProject
Project("{8BC9CEB8-8B4A-11D0-8D11-00A0C91BC942}") = "Day02", "..\Day02\win\Day02.vcxproj", "{EDD47180-056D-444F-BA4E-FBD19C293BCB}"
EndProject
Project("{8BC9CEB8-8B4A-11D0-8D11-00A0C91BC942}") = "Day03", "..\Day03\win\Day03.vcxproj", "{8711C8BC-803D-461C-AEF4-62B5201771D9}"
EndProject
Project("{8BC9CEB8-8B4A-11D0-8D11-00A0C91BC942}") = "Day04", "..\Day04\win\Day04.vcxproj", "{DF134AE5-3475-4BF0-8847-9B2FD1AA8411}"
EndProject
Project("{8BC9CEB8-8B4A-11D0-8D11-00A0C91BC942}") = "Day05", "..\Day05\win\Day05.vcxproj", "{E844A2DF-6D66-4503-A7BA-3C44A08924BE}"
EndProject
Project("{8BC9CEB8-8B4A-11D0-8D11-00A0C91BC942}") = "Day06", "..\Day06\win\Day06.vcxproj", "{5E9DEC11-18BC-42CF-BE71-B7CD8B616E51}"
EndProject
Project("{8BC9CEB8-8B4A-11D0-8D11-00A0C91BC942}") = "Day07", "..\Day07\win\Day07.vcxproj", "{99AEEFC1-C7C2-43CE-9607-17E04402F110}"
EndProject
Project("{8BC9CEB8-8B4A-11D0-8D11-00A0C91BC942}") = "Day08", "..\Day08\win\Day08.vcxproj", "{42D1490C-CEAE-47C1-9578-B9146C479866}"
EndProject
Project("{8BC9CEB8-8B4A-11D0-8D11-00A0C91BC942}") = "Day09", "..\Day09\win\Day09.vcxproj", "{4F474ABD-C056-48AC-B375-AA82753C1292}"
EndProject
Project("{8BC9CEB8-8B4A-11D0-8D11-00A0C91BC942}") = "Day10", "..\Day10\win\Day10.vcxproj", "{2142EF60-C447-4287-A935-9DDC8AF15E30}"
EndProject
Project("{8BC9CEB8-8B4A-11D0-8D11-00A0C91BC942}") = "Day11", "..\Day11\win\Day11.vcxproj", "{5EA0DD0C-E557-4C37-B49C-F93038A03644}"
EndProject
Project("{8BC9CEB8-8B4A-11D0-8D11-00A0C91BC942}") = "Day12", "..\Day12\win\Day12.vcxproj", "{E1A0122F-3BFA-4EF6-AEBA-B6E16B416844}"
EndProject
Project("{8BC9CEB8-8B4A-11D0-8D11-00A0C91BC942}") = "Day13", "..\Day13\win\Day13.vcxproj", "{532D69EF-AC84-4A06-9A2F-316B6021EFEF}"
EndProject
Project("{8BC9CEB8-8B4A-11D0-8D11-00A0C91BC942}") = "Day14", "..\Day14\win\Day14.vcxproj", "{5C1F9F50-1B41-4AAE-A510-52854068090E}"
EndProject
Project("{8BC9CEB8-8B4A-11D0-8D11-00A0C91BC942}") = "Day15", "..\Day15\win\Day15.vcxproj", "{F622897A-5E49-4715-8F54-492C151AE1B1}"
EndProject
Project("{8BC9CEB8-8B4A-11D0-8D11-00A0C91BC942}") = "Day16", "..\Day16\win\Day16.vcxproj", "{2AE59A9E-E6C9-4E34-9B8F-4CA9E68EC232}"
EndProject
Project("{8BC9CEB8-8B4A-11D0-8D11-00A0C91BC942}") = "Day17", "..\Day17\win\Day17.vcxproj", "{45016307-2EC4-4B52-905B-1D2CA6D978AB}"
EndProject
Project("{8BC9CEB8-8B4A-11D0-8D11-00A0C91BC942}") = "Day18", "..\Day18\win\Day18.vcxproj", "{9F6E18E3-358A-4670-9175-EF422F05FB4C}"
EndProject
Global
	GlobalSection(SolutionConfigurationPlatforms) = preSolution
		Debug|x64 = Debug|x64
		Debug|x86 = Debug|x86
		Release|x64 = Release|x64
		Release|x86 = Release|x86
	EndGlobalSection
	GlobalSection(ProjectConfigurationPlatforms) = postSolution
		{14D7BA8B-66AE-48A7-8A4A-ABB8F952398A}.Debug|x64.ActiveCfg = Debug|x64
		{14D7BA8B-66AE-48A7-8A4A-ABB8F952398A}.Debug|x64.Build.0 = Debug|x64
		{14D7BA8B-66AE-48A7-8A4A-ABB8F952398A}.Debug|x86.ActiveCfg = Debug|Win32
		{14D7BA8B-66AE-48A7-8A4A-ABB8F952398A}.Debug|x86.Build.0 = Debug|Win32
		{14D7BA8B-66AE-48A7-8A4A-ABB8F952398A}.Release|x64.ActiveCfg = Release|x64
		{14D7BA8B-66AE-48A7-8A4A-ABB8F952398A}.Release|x64.Build.0 = Release|x64
		{14D7BA8B-66AE-48A7-8A4A-ABB8F952398A}.Release|x86.ActiveCfg = Release|Win32
		{14D7BA8B-66AE-48A7-8A4A-ABB8F952398A}.Release|x86.Build.0 = Release|Win32
		{C1B79C31-D547-4397-8FF0-13502A8ED612}.Debug|x64.ActiveCfg = Debug|x64
		{C1B79C31-D547-4397-8FF0-13502A8ED612}.Debug|x64.Build.0 = Debug|x64
		{C1B79C31-D547-4397-8FF0-13502A8ED612}.Debug|x86.ActiveCfg = Debug|Win32
		{C1B79C31-D547-4397-8FF0-13502A8ED612}.Debug|x86.Build.0 = Debug|Win32
		{C1B79C31-D547-4397-8FF0-13502A8ED612}.Release|x64.ActiveCfg = Release|x64
		{C1B79C31-D547-4397-8FF0-13502A8ED612}.Release|x64.Build.0 = Release|x64
		{C1B79C31-D547-4397-8FF0-13502A8ED612}.Release|x86.ActiveCfg = Release|Win32
		{C1B79C31-D547-4397-8FF0-13502A8ED612}.Release|x86.Build.0 = Release|Win32
		{EDD47180-056D-444F-BA4E-FBD19C293BCB}.Debug|x64.ActiveCfg = Debug|x64
		{EDD47180-056D-444F-BA4E-FBD19C293BCB}.Debug|x64.Build.0 = Debug|x64
		{EDD47180-056D-444F-BA4E-FBD19C293BCB}.Debug|x86.ActiveCfg = Debug|Win32
		{EDD47180-056D-444F-BA4E-FBD19C293BCB}.Debug|x86.Build.0 = Debug|Win32
		{EDD47180-056D-444F-BA4E-FBD19C293BCB}.Release|x64.ActiveCfg = Release|x64
		{EDD47180-056D-444F-BA4E-FBD19C293BCB}.Release|x64.Build.0 = Release|x64
		{EDD47180-056D-444F-BA4E-FBD19C293BCB}.Release|x86.ActiveCfg = Release|Win32
		{EDD47180-056D-444F-BA4E-FBD19C293BCB}.Release|x86.Build.0 = Release|Win32
		{8711C8BC-803D-461C-AEF4-62B5201771D9}.Debug|x64.ActiveCfg = Debug|x64
		{8711C8BC-803D-461C-AEF4-62B5201771D9}.Debug|x64.Build.0 = Debug|x64
		{8711C8BC-803D-461C-AEF4-62B5201771D9}.Debug|x86.ActiveCfg = Debug|Win32
		{8711C8BC-803D-461C-AEF4-62B5201771D9}.Debug|x86.Build.0 = Debug|Win32
		{8711C8BC-803D-461C-AEF4-62B5201771D9}.Release|x64.ActiveCfg = Release|x64
		{8711C8BC-803D-461C-AEF4-62B5201771D9}.Release|x64.Build.0 = Release|x64
		{8711C8BC-803D-461C-AEF4-62B5201771D9}.Release|x86.ActiveCfg = Release|Win32
		{8711C8BC-803D-461C-AEF4-62B5201771D9}.Release|x86.Build.0 = Release|Win32
		{DF134AE5-3475-4BF0-8847-9B2FD1AA8411}.Debug|x64.ActiveCfg = Debug|x64
		{DF134AE5-3475-4BF0-8847-9B2FD1AA8411}.Debug|x64.Build.0 = Debug|x64
		{DF134AE5-3475-4BF0-8847-9B2FD1AA8411}.Debug|x86.ActiveCfg = Debug|Win32
		{DF134AE5-3475-4BF0-8847-9B2FD1AA8411}.Debug|x86.Build.0 = Debug|Win32
		{DF134AE5-3475-4BF0-8847-9B2FD1AA8411}.Release|x64.ActiveCfg = Release|x64
		{DF134AE5-3475-4BF0-8847-9B2FD1AA8411}.Release|x64.Build.0 = Release|x64
		{DF134AE5-3475-4BF0-8847-9B2FD1AA8411}.Release|x86.ActiveCfg = Release|Win32
		{DF134AE5-3475-4BF0-8847-9B2FD1AA8411}.Release|x86.Build.0 = Release|Win32
		{E844A2DF-6D66-4503-A7BA-3C44A08924BE}.Debug|x64.ActiveCfg = Debug|x64
		{E844A2DF-6D66-4503-A7BA-3C44A08924BE}.Debug|x64.Build.0 = Debug|x64
		{E844A2DF-6D66-4503-A7BA-3C44A08924BE}.Debug|x86.ActiveCfg = Debug|Win32
		{E844A2DF-6D66-4503-A7BA-3C44A08924BE}.Debug|x86.Build.0 = Debug|Win32
		{E844A2DF-6D66-4503-A7BA-3C44A08924BE}.Release|x64.ActiveCfg = Release|x64
		{E844A2DF-6D66-4503-A7BA-3C44A08924BE}.Release|x64.Build.0 = Release|x64
		{E844A2DF-6D66-4503-A7BA-3C44A08924BE}.Release|x86.ActiveCfg = Release|Win32
		{E844A2DF-6D66-4503-A7BA-3C44A08924BE}.Release|x86.Build.0 = Release|Win32
		{5E9DEC11-18BC-42CF-BE71-B7CD8B616E51}.Debug|x64.ActiveCfg = Debug|x64
		{5E9DEC11-18BC-42CF-BE71-B7CD8B616E51}.Debug|x64.Build.0 = Debug|x64
		{5E9DEC11-18BC-42CF-BE71-B7CD8B616E51}.Debug|x86.ActiveCfg = Debug|Win32
		{5E9DEC11-18BC-42CF-BE71-B7CD8B616E51}.Debug|x86.Build.0 = Debug|Win32
		{5E9DEC11-18BC-42CF-BE71-B7CD8B616E51}.Release|x64.ActiveCfg = Release|x64
		{5E9DEC11-18BC-42CF-BE71-B7CD8B616E51}.Release|x64.Build.0 = Release|x64
		{5E9DEC11-18BC-42CF-BE71-B7CD8B616E51}.Release|x86.ActiveCfg = Release|Win32
		{5E9DEC11-18BC-42CF-BE71-B7CD8B616E51}.Release|x86.Build.0 = Release|Win32
		{99AEEFC1-C7C2-43CE-9607-17E04402F110}.Debug|x64.ActiveCfg = Debug|x64
		{99AEEFC1-C7C2-43CE-9607-17E04402F110}.Debug|x64.Build.0 = Debug|x64
		{99AEEFC1-C7C2-43CE-9607-17E04402F110}.Debug|x86.ActiveCfg = Debug|Win32
		{99AEEFC1-C7C2-43CE-9607-17E04402F110}.Debug|x86.Build.0 = Debug|Win32
		{99AEEFC1-C7C2-43CE-9607-17E04402F110}.Release|x64.ActiveCfg = Release|x64
		{99AEEFC1-C7C2-43CE-9607-17E04402F110}.Release|x64.Build.0 = Release|x64
		{99AEEFC1-C7C2-43CE-9607-17E04402F110}.Release|x86.ActiveCfg = Release|Win32
		{99AEEFC1-C7C2-43CE-9607-17E04402F110}.Release|x86.Build.0 = Release|Win32
		{42D1490C-CEAE-47C1-9578-B9146C479866}.Debug|x64.ActiveCfg = Debug|x64
		{42D1490C-CEAE-47C1-9578-B9146C479866}.Debug|x64.Build.0 = Debug|x64
		{42D1490C-CEAE-47C1-9578-B9146C479866}.Debug|x86.ActiveCfg = Debug|Win32
		{42D1490C-CEAE-47C1-9578-B9146C479866}.Debug|x86.Build.0 = Debug|Win32
		{42D1490C-CEAE-47C1-9578-B9146C479866}.Release|x64.ActiveCfg = Release|x64
		{42D1490C-CEAE-47C1-9578-B9146C479866}.Release|x64.Build.0 = Release|x64
		{42D1490C-CEAE-47C1-9578-B9146C479866}.Release|x86.ActiveCfg = Release|Win32
		{42D1490C-CEAE-47C1-9578-B9146C479866}.Release|x86.Build.0 = Release|Win32
		{4F474ABD-C056-48AC-B375-AA82753C1292}.Debug|x64.ActiveCfg = Debug|x64
		{4F474ABD-C056-48AC-B375-AA82753C1292}.Debug|x64.Build.0 = Debug|x64
		{4F474ABD-C056-48AC-B375-AA82753C1292}.Debug|x86.ActiveCfg = Debug|Win32
		{4F474ABD-C056-48AC-B375-AA82753C1292}.Debug|x86.Build.0 = Debug|Win32
		{4F474ABD-C056-48AC-B375-AA82753C1292}.Release|x64.ActiveCfg = Release|x64
		{4F474ABD-C056-48AC-B375-AA82753C1292}.Release|x64.Build.0 = Release|x64
		{4F474ABD-C056-48AC-B375-AA82753C1292}.Release|x86.ActiveCfg = Release|Win32
		{4F474ABD-C056-48AC-B375-AA82753C1292}.Release|x86.Build.0 = Release|Win32
		{2142EF60-C447-4287-A935-9DDC8AF15E30}.Debug|x64.ActiveCfg = Debug|x64
		{2142EF60-C447-4287-A935-9DDC8AF15E30}.Debug|x64.Build.0 = Debug|x64
		{2142EF60-C447-4287-A935-9DDC8AF15E30}.Debug|x86.ActiveCfg = Debug|Win32
		{2142EF60-C447-4287-A935-9DDC8AF15E30}.Debug|x86.Build.0 = Debug|Win32
		{2142EF60-C447-4287-A935-9DDC8AF15E30}.Release|x64.ActiveCfg = Release|x64
		{2142EF60-C447-4287-A935-9DDC8AF15E30}.Release|x64.Build.0 = Release|x64
		{2142EF60-C447-4287-A935-9DDC8AF15E30}.Release|x86.ActiveCfg = Release|Win32
		{2142EF60-C447-4287-A935-9DDC8AF15E30}.Release|x86.Build.0 = Release|Win32
		{5EA0DD0C-E557-4C37-B49C-F93038A03644}.Debug|x64.ActiveCfg = Debug|x64
		{5EA0DD0C-E557-4C37-B49C-F93038A03644}.Debug|x64.Build.0 = Debug|x64
		{5EA0DD0C-E557-4C37-B49C-F93038A03644}.Debug|x86.ActiveCfg = Debug|Win32
		{5EA0DD0C-E557-4C37-B49C-F93038A03644}.Debug|x86.Build.0 = Debug|Win32
		{5EA0DD0C-E557-4C37-B49C-F93038A03644}.Release|x64.ActiveCfg = Release|x64
		{5EA0DD0C-E557-4C37-B49C-F93038A03644}.Release|x64.Build.0 = Release|x64
		{5EA0DD0C-E557-4C37-B49C-F93038A03644}.Release|x86.ActiveCfg = Release|Win32
		{5EA0DD0C-E557-4C37-B49C-F93038A03644}.Release|x86.Build.0 = Release|Win32
		{E1A0122F-3BFA-4EF6-AEBA-B6E16B416844}.Debug|x64.ActiveCfg = Debug|x64
		{E1A0122F-3BFA-4EF6-AEBA-B6E16B416844}.Debug|x64.Build.0 = Debug|x64
		{E1A0122F-3BFA-4EF6-AEBA-B6E16B416844}.Debug|x86.ActiveCfg = Debug|Win32
		{E1A0122F-3BFA-4EF6-AEBA-B6E16B416844}.Debug|x86.Build.0 = Debug|Win32
		{E1A0122F-3BFA-4EF6-AEBA-B6E16B416844}.Release|x64.ActiveCfg = Release|x64
		{E1A0122F-3BFA-4EF6-AEBA-B6E16B416844}.Release|x64.Build.0 = Release|x64
		{E1A0122F-3BFA-4EF6-AEBA-B6E16B416844}.Release|x86.ActiveCfg = Release|Win32
		{E1A0122F-3BFA-4EF6-AEBA-B6E16B416844}.Release|x86.Build.0 = Release|Win32
		{532D69EF-AC84-4A06-9A2F-316B6021EFEF}.Debug|x64.ActiveCfg = Debug|x64
		{532D69EF-AC84-4A06-9A2F-316B6021EFEF}.Debug|x64.Build.0 = Debug|x64
		{532D69EF-AC84-4A06-9A2F-316B6021EFEF}.Debug|x86.ActiveCfg = Debug|Win32
		{532D69EF-AC84-4A06-9A2F-316B6021EFEF}.Debug|x86.Build.0 = Debug|Win32
		{532D69EF-AC84-4A06-9A2F-316B6021EFEF}.Release|x64.ActiveCfg = Release|x64
		{532D69EF-AC84-4A06-9A2F-316B6021EFEF}.Release|x64.Build.0 = Release|x64
		{532D69EF-AC84-4A06-9A2F-316B6021EFEF}.Release|x86.ActiveCfg = Release|Win32
		{532D69EF-AC84-4A06-9A2F-316B6021EFEF}.Release|x86.Build.0 = Release|Win32
		{5C1F9F50-1B41-4AAE-A510-52854068090E}.Debug|x64.ActiveCfg = Debug|x64
		{5C1F9F50-1B41-4AAE-A510-52854068090E}.Debug|x64.Build.0 = Debug|x64
		{5C1F9F50-1B41-4AAE-A510-52854068090E}.Debug|x86.ActiveCfg = Debug|Win32
		{5C1F9F50-1B41-4AAE-A510-52854068090E}.Debug|x86.Build.0 = Debug|Win32
		{5C1F9F50-1B41-4AAE-A510-52854068090E}.Release|x64.ActiveCfg = Release|x64
		{5C1F9F50-1B41-4AAE-A510-52854068090E}.Release|x64.Build.0 = Release|x64
		{5C1F9F50-1B41-4AAE-A510-52854068090E}.Release|x86.ActiveCfg = Release|Win32
		{5C1F9F50-1B41-4AAE-A510-52854068090E}.Release|x86.Build.0 = Release|Win32
		{F622897A-5E49-4715-8F54-492C151AE1B1}.Debug|x64.ActiveCfg = Debug|x64
		{F622897A-5E49-4715-8F54-492C151AE1B1}.Debug|x64.Build.0 = Debug|x64
		{F622897A-5E49-4715-8F54-492C151AE1B1}.Debug|x86.ActiveCfg = Debug|Win32
		{F622897A-5E49-4715-8F54-492C151AE1B1}.Debug|x86.Build.0 = Debug|Win32
		{F622897A-5E49-4715-8F54-492C151AE1B1}.Release|x64.ActiveCfg = Release|x64
		{F622897A-5E49-4715-8F54-492C151AE1B1}.Release|x64.Build.0 = Release|x64
		{F622897A-5E49-4715-8F54-492C151AE1B1}.Release|x86.ActiveCfg = Release|Win32
		{F622897A-5E49-4715-8F54-492C151AE1B1}.Release|x86.Build.0 = Release|Win32
		{2AE59A9E-E6C9-4E34-9B8F-4CA9E68EC232}.Debug|x64.ActiveCfg = Debug|x64
		{2AE59A9E-E6C9-4E34-9B8F-4CA9E68EC232}.Debug|x64.Build.0 = Debug|x64
		{2AE59A9E-E6C9-4E34-9B8F-4CA9E68EC232}.Debug|x86.ActiveCfg = Debug|Win32
		{2AE59A9E-E6C9-4E34-9B8F-4CA9E68EC232}.Debug|x86.Build.0 = Debug|Win32
		{2AE59A9E-E6C9-4E34-9B8F-4CA9E68EC232}.Release|x64.ActiveCfg = Release|x64
		{2AE59A9E-E6C9-4E34-9B8F-4CA9E68EC232}.Release|x64.Build.0 = Release|x64
		{2AE59A9E-E6C9-4E34-9B8F-4CA9E68EC232}.Release|x86.ActiveCfg = Release|Win32
		{2AE59A9E-E6C9-4E34-9B8F-4CA9E68EC232}.Release|x86.Build.0 = Release|Win32
		{45016307-2EC4-4B52-905B-1D2CA6D978AB}.Debug|x64.ActiveCfg = Debug|x64
		{45016307-2EC4-4B52-905B-1D2CA6D978AB}.Debug|x64.Build.0 = Debug|x64
		{45016307-2EC4-4B52-905B-1D2CA6D978AB}.Debug|x86.ActiveCfg = Debug|Win32
		{45016307-2EC4-4B52-905B-1D2CA6D978AB}.Debug|x86.Build.0 = Debug|Win32
		{45016307-2EC4-4B52-905B-1D2CA6D978AB}.Release|x64.ActiveCfg = Release|x64
		{45016307-2EC4-4B52-905B-1D2CA6D978AB}.Release|x64.Build.0 = Release|x64
		{45016307-2EC4-4B52-905B-1D2CA6D978AB}.Release|x86.ActiveCfg = Release|Win32
		{45016307-2EC4-4B52-905B-1D2CA6D978AB}.Release|x86.Build.0 = Release|Win32
		{9F6E18E3-358A-4670-9175-EF422F05FB4C}.Debug|x64.ActiveCfg = Debug|x64
		{9F6E18E3-358A-4670-9175-EF422F05FB4C}.Debug|x64.Build.0 = Debug|x64
		{9F6E18E3-358A-4670-9175-EF422F05FB4C}.Debug|x86.ActiveCfg = Debug|Win32
		{9F6E18E3-358A-4670-9175-EF422F05FB4C}.Debug|x86.Build.0 = Debug|Win32
		{9F6E18E3-358A-4670-9175-EF422F05FB4C}.Release|x64.ActiveCfg = Release|x64
		{9F6E18E3-358A-4670-9175-EF422F05FB4C}.Release|x64.Build.0 = Release|x64
		{9F6E18E3-358A-4670-9175-EF422F05FB4C}.Release|x86.ActiveCfg = Release|Win32
		{9F6E18E3-358A-4670-9175-EF422F05FB4C}.Release|x86.Build.0 = Release|Win32
	EndGlobalSection
	GlobalSection(SolutionProperties) = preSolution
		HideSolutionNode = FALSE
	EndGlobalSection
	GlobalSection(NestedProjects) = preSolution
		{14D7BA8B-66AE-48A7-8A4A-ABB8F952398A} = {1C2E83C2-9D0D-45D0-8B79-C572AF725F05}
		{EDD47180-056D-444F-BA4E-FBD19C293BCB} = {1C2E83C2-9D0D-45D0-8B79-C572AF725F05}
		{8711C8BC-803D-461C-AEF4-62B5201771D9} = {1C2E83C2-9D0D-45D0-8B79-C572AF725F05}
		{DF134AE5-3475-4BF0-8847-9B2FD1AA8411} = {1C2E83C2-9D0D-45D0-8B79-C572AF725F05}
		{E844A2DF-6D66-4503-A7BA-3C44A08924BE} = {1C2E83C2-9D0D-45D0-8B79-C572AF725F05}
		{5E9DEC11-18BC-42CF-BE71-B7CD8B616E51} = {1C2E83C2-9D0D-45D0-8B79-C572AF725F05}
		{99AEEFC1-C7C2-43CE-9607-17E04402F110} = {1C2E83C2-9D0D-45D0-8B79-C572AF725F05}
		{42D1490C-CEAE-47C1-9578-B9146C479866} = {1C2E83C2-9D0D-45D0-8B79-C572AF725F05}
		{4F474ABD-C056-48AC-B375-AA82753C1292} = {1C2E83C2-9D0D-45D0-8B79-C572AF725F05}
		{2142EF60-C447-4287-A935-9DDC8AF15E30} = {1C2E83C2-9D0D-45D0-8B79-C572AF725F05}
		{5EA0DD0C-E557-4C37-B49C-F93038A03644} = {1C2E83C2-9D0D-45D0-8B79-C572AF725F05}
		{E1A0122F-3BFA-4EF6-AEBA-B6E16B416844} = {1C2E83C2-9D0D-45D0-8B79-C572AF725F05}
		{532D69EF-AC84-4A06-9A2F-316B6021EFEF} = {1C2E83C2-9D0D-45D0-8B79-C572AF725F05}
		{5C1F9F50-1B41-4AAE-A510-52854068090E} = {1C2E83C2-9D0D-45D0-8B79-C572AF725F05}
		{F622897A-5E49-4715-8F54-492C151AE1B1} = {1C2E83C2-9D0D-45D0-8B79-C572AF725F05}
		{2AE59A9E-E6C9-4E34-9B8F-4CA9E68EC232} = {1C2E83C2-9D0D-45D0-8B79-C572AF725F05}
		{45016307-2EC4-4B52-905B-1D2CA6D978AB} = {1C2E83C2-9D0D-45D0-8B79-C572AF725F05}
	EndGlobalSection
	GlobalSection(ExtensibilityGlobals) = postSolution
		SolutionGuid = {ADB9513D-63A5-48C4-8B51-4885B03BC37F}
	EndGlobalSection
EndGlobal
